
Microsoft Visual Studio Solution File, Format Version 12.00
# Visual Studio Version 17
VisualStudioVersion = 17.0.32112.339
MinimumVisualStudioVersion = 10.0.40219.1
Project("{FAE04EC0-301F-11D3-BF4B-00C04F79EFBC}") = "TacoCatMVC", "TacoCatMVC\TacoCatMVC.csproj", "{8A2094C9-5F48-45C7-A1DA-FE633963448B}"
EndProject
Global
	GlobalSection(SolutionConfigurationPlatforms) = preSolution
		Debug|Any CPU = Debug|Any CPU
		Release|Any CPU = Release|Any CPU
	EndGlobalSection
	GlobalSection(ProjectConfigurationPlatforms) = postSolution
		{8A2094C9-5F48-45C7-A1DA-FE633963448B}.Debug|Any CPU.ActiveCfg = Debug|Any CPU
		{8A2094C9-5F48-45C7-A1DA-FE633963448B}.Debug|Any CPU.Build.0 = Debug|Any CPU
		{8A2094C9-5F48-45C7-A1DA-FE633963448B}.Release|Any CPU.ActiveCfg = Release|Any CPU
		{8A2094C9-5F48-45C7-A1DA-FE633963448B}.Release|Any CPU.Build.0 = Release|Any CPU
	EndGlobalSection
	GlobalSection(SolutionProperties) = preSolution
		HideSolutionNode = FALSE
	EndGlobalSection
	GlobalSection(ExtensibilityGlobals) = postSolution
		SolutionGuid = {D6141DC3-61F1-42EE-B0F9-B53150959C6B}
	EndGlobalSection
EndGlobal
